{
  "version": 4,
  "terraform_version": "1.2.8",
  "serial": 25,
  "lineage": "21cc5b02-d495-f98a-dc6d-98d6abc9f74c",
  "outputs": {
    "external_ip_address_vmtest": {
      "value": "84.201.132.187",
      "type": "string"
    },
    "internal_ip_address_vmtest": {
      "value": "192.168.101.8",
      "type": "string"
    }
  },
  "resources": [
    {
      "mode": "managed",
      "type": "yandex_compute_instance",
      "name": "vmtest",
      "provider": "provider[\"registry.terraform.io/yandex-cloud/yandex\"]",
      "instances": [
        {
          "schema_version": 1,
          "attributes": {
            "allow_recreate": null,
            "allow_stopping_for_update": true,
            "boot_disk": [
              {
                "auto_delete": true,
                "device_name": "fhme9gmlvb6hgoqthcj3",
                "disk_id": "fhme9gmlvb6hgoqthcj3",
                "initialize_params": [
                  {
                    "block_size": 4096,
                    "description": "",
                    "image_id": "fd8lbi4hr72am1eb2kmf",
                    "name": "",
                    "size": 5,
                    "snapshot_id": "",
                    "type": "network-ssd"
                  }
                ],
                "mode": "READ_WRITE"
              }
            ],
            "created_at": "2022-09-13T14:38:23Z",
            "description": "",
            "folder_id": "b1glodb3fcb408dgl593",
            "fqdn": "fhmvoaim69rcelr1b21v.auto.internal",
            "hostname": "",
            "id": "fhmvoaim69rcelr1b21v",
            "labels": null,
            "local_disk": [],
            "metadata": {
              "user-data": "#cloud-config\nusers:\n  - name: pavel\n    groups: sudo\n    shell: /bin/bash\n    sudo: ['ALL=(ALL) NOPASSWD:ALL']\n    ssh_authorized_keys:\n     - ssh-rsa AAAAB3NzaC1yc2EAAAADAQABAAABgQDtX64fcAuU9YqCzOoxEW840SsGrSyFqmw3XD3xgRjcCdQRPc7ic1vQgH6Y7F4gRBEZofRRgkSus5pArFBRjX4retAbk/E+Lz1OAzDuhse1AI/+0FL9KbrJjL6jJXvUK4qyi4d3bYQ+aSGhEg07Nt4S17u3qKINUW582XP8b+CJjVb9i3lnF7Cqsf0EnhPXuSctuMv3k17mPtcfA1a+nwxDYVaSnDIFcVLfJvfew7RdUrBFOaXO4DmjlhKeToTTiU/cmz4h2ftVcAy0uCYDVprdCzRLYRsxykb/BDBwkGVwHWVxXwTk0H2FO74K5bqyRqlEw0jWMxEFhKoGMvZU+cr0xTN9BrHvPFCu5IxXgu7icVIyNERlNyVCvnd6JXUxuxcVWW/GRloC/E1VywKnuxOXSqqWSLVoI/QgOrFLBYtrtnk2E0SvzUZeNt13J8oIRbz039LCkBxcIjHDH1wmFAjK8boZJnE0YZ5WemvkN/JGMUH2dva3yZglc1TgImi9grs= pavelpomorcev@MacBook-Air-Pavel.local\n"
            },
            "name": "vmtest",
            "network_acceleration_type": "standard",
            "network_interface": [
              {
                "dns_record": [],
                "index": 0,
                "ip_address": "192.168.101.8",
                "ipv4": true,
                "ipv6": false,
                "ipv6_address": "",
                "ipv6_dns_record": [],
                "mac_address": "d0:0d:1f:c2:a5:63",
                "nat": true,
                "nat_dns_record": [],
                "nat_ip_address": "84.201.132.187",
                "nat_ip_version": "IPV4",
                "security_group_ids": [],
                "subnet_id": "e9bc78rpn19apcic6ihd"
              }
            ],
            "placement_policy": [
              {
                "host_affinity_rules": [],
                "placement_group_id": ""
              }
            ],
            "platform_id": "standard-v1",
            "resources": [
              {
                "core_fraction": 100,
                "cores": 2,
                "gpus": 0,
                "memory": 2
              }
            ],
            "scheduling_policy": [
              {
                "preemptible": false
              }
            ],
            "secondary_disk": [],
            "service_account_id": "",
            "status": "running",
            "timeouts": null,
            "zone": "ru-central1-a"
          },
          "sensitive_attributes": [],
          "private": "eyJlMmJmYjczMC1lY2FhLTExZTYtOGY4OC0zNDM2M2JjN2M0YzAiOnsiY3JlYXRlIjozMDAwMDAwMDAwMDAsImRlbGV0ZSI6MzAwMDAwMDAwMDAwLCJ1cGRhdGUiOjMwMDAwMDAwMDAwMH0sInNjaGVtYV92ZXJzaW9uIjoiMSJ9",
          "dependencies": [
            "yandex_vpc_network.default",
            "yandex_vpc_subnet.default"
          ]
        }
      ]
    },
    {
      "mode": "managed",
      "type": "yandex_vpc_network",
      "name": "default",
      "provider": "provider[\"registry.terraform.io/yandex-cloud/yandex\"]",
      "instances": [
        {
          "schema_version": 0,
          "attributes": {
            "created_at": "2022-09-13T14:38:20Z",
            "default_security_group_id": "",
            "description": "",
            "folder_id": "b1glodb3fcb408dgl593",
            "id": "enpn7t2iscmng7g68g8h",
            "labels": {},
            "name": "netest",
            "subnet_ids": [],
            "timeouts": null
          },
          "sensitive_attributes": [],
          "private": "eyJlMmJmYjczMC1lY2FhLTExZTYtOGY4OC0zNDM2M2JjN2M0YzAiOnsiY3JlYXRlIjo2MDAwMDAwMDAwMCwiZGVsZXRlIjo2MDAwMDAwMDAwMCwidXBkYXRlIjo2MDAwMDAwMDAwMH19"
        }
      ]
    },
    {
      "mode": "managed",
      "type": "yandex_vpc_subnet",
      "name": "default",
      "provider": "provider[\"registry.terraform.io/yandex-cloud/yandex\"]",
      "instances": [
        {
          "schema_version": 0,
          "attributes": {
            "created_at": "2022-09-13T14:38:21Z",
            "description": "",
            "dhcp_options": [],
            "folder_id": "b1glodb3fcb408dgl593",
            "id": "e9bc78rpn19apcic6ihd",
            "labels": {},
            "name": "subnet",
            "network_id": "enpn7t2iscmng7g68g8h",
            "route_table_id": "",
            "timeouts": null,
            "v4_cidr_blocks": [
              "192.168.101.0/24"
            ],
            "v6_cidr_blocks": [],
            "zone": "ru-central1-a"
          },
          "sensitive_attributes": [],
          "private": "eyJlMmJmYjczMC1lY2FhLTExZTYtOGY4OC0zNDM2M2JjN2M0YzAiOnsiY3JlYXRlIjoxODAwMDAwMDAwMDAsImRlbGV0ZSI6MTgwMDAwMDAwMDAwLCJ1cGRhdGUiOjE4MDAwMDAwMDAwMH19",
          "dependencies": [
            "yandex_vpc_network.default"
          ]
        }
      ]
    }
  ]
}
